{
  "version": 4,
  "terraform_version": "0.13.5",
  "serial": 23,
  "lineage": "b97fb4c5-19f7-da21-db2a-abfda0890062",
  "outputs": {},
  "resources": [
    {
      "mode": "managed",
      "type": "aws_acm_certificate",
      "name": "client_cert",
      "provider": "provider[\"registry.terraform.io/hashicorp/aws\"].acm",
      "instances": [
        {
          "schema_version": 0,
          "attributes": {
            "arn": "arn:aws:acm:us-east-1:403039540759:certificate/610a141b-a455-4681-99dc-2f48e183026c",
            "certificate_authority_arn": "",
            "certificate_body": null,
            "certificate_chain": null,
            "domain_name": "oseven.de",
            "domain_validation_options": [
              {
                "domain_name": "oseven.de",
                "resource_record_name": "_9bdcf48d89df33d1382f517654ee6ed9.oseven.de.",
                "resource_record_type": "CNAME",
                "resource_record_value": "_c8483ce5adfb35988da13abdc38b9084.duyqrilejt.acm-validations.aws."
              },
              {
                "domain_name": "www.oseven.de",
                "resource_record_name": "_6658ff7fbfcef33dec5062b66b803b52.www.oseven.de.",
                "resource_record_type": "CNAME",
                "resource_record_value": "_05491917dd2095b59893d402ccbdb47a.zbkrxsrfvj.acm-validations.aws."
              }
            ],
            "id": "arn:aws:acm:us-east-1:403039540759:certificate/610a141b-a455-4681-99dc-2f48e183026c",
            "options": [
              {
                "certificate_transparency_logging_preference": "ENABLED"
              }
            ],
            "private_key": null,
            "subject_alternative_names": [
              "www.oseven.de"
            ],
            "tags": {},
            "validation_emails": [],
            "validation_method": "DNS"
          },
          "private": "bnVsbA=="
        }
      ]
    },
    {
      "mode": "managed",
      "type": "aws_acm_certificate_validation",
      "name": "client_cert",
      "provider": "provider[\"registry.terraform.io/hashicorp/aws\"].acm",
      "instances": [
        {
          "schema_version": 0,
          "attributes": {
            "certificate_arn": "arn:aws:acm:us-east-1:403039540759:certificate/610a141b-a455-4681-99dc-2f48e183026c",
            "id": "2020-11-01 13:12:11 +0000 UTC",
            "timeouts": null,
            "validation_record_fqdns": null
          },
          "private": "eyJlMmJmYjczMC1lY2FhLTExZTYtOGY4OC0zNDM2M2JjN2M0YzAiOnsiY3JlYXRlIjoyNzAwMDAwMDAwMDAwfX0=",
          "dependencies": [
            "aws_acm_certificate.client_cert"
          ]
        }
      ]
    },
    {
      "mode": "managed",
      "type": "aws_cloudfront_distribution",
      "name": "landingpage",
      "provider": "provider[\"registry.terraform.io/hashicorp/aws\"]",
      "instances": [
        {
          "schema_version": 1,
          "attributes": {
            "active_trusted_signers": {
              "enabled": "false",
              "items.#": "0"
            },
            "aliases": [
              "oseven.de"
            ],
            "arn": "arn:aws:cloudfront::403039540759:distribution/E29RE8FF4D17EO",
            "cache_behavior": [],
            "caller_reference": "terraform-20201101131220311000000002",
            "comment": "Terraform configured",
            "custom_error_response": [
              {
                "error_caching_min_ttl": 5,
                "error_code": 403,
                "response_code": 200,
                "response_page_path": "/404.html"
              },
              {
                "error_caching_min_ttl": 5,
                "error_code": 404,
                "response_code": 200,
                "response_page_path": "/404.html"
              }
            ],
            "default_cache_behavior": [
              {
                "allowed_methods": [
                  "DELETE",
                  "GET",
                  "HEAD",
                  "OPTIONS",
                  "PATCH",
                  "POST",
                  "PUT"
                ],
                "cached_methods": [
                  "GET",
                  "HEAD"
                ],
                "compress": true,
                "default_ttl": 86400,
                "field_level_encryption_id": "",
                "forwarded_values": [
                  {
                    "cookies": [
                      {
                        "forward": "none",
                        "whitelisted_names": []
                      }
                    ],
                    "headers": [],
                    "query_string": false,
                    "query_string_cache_keys": []
                  }
                ],
                "lambda_function_association": [],
                "max_ttl": 31536000,
                "min_ttl": 0,
                "smooth_streaming": false,
                "target_origin_id": "oseven-website-hosting-bucket-homepage-dpengshkxuyercfx",
                "trusted_signers": [],
                "viewer_protocol_policy": "redirect-to-https"
              }
            ],
            "default_root_object": "index.html",
            "domain_name": "d1sfvd98utx6au.cloudfront.net",
            "enabled": true,
            "etag": "E2F8MCHM69WFLS",
            "hosted_zone_id": "Z2FDTNDATAQYW2",
            "http_version": "http2",
            "id": "E29RE8FF4D17EO",
            "in_progress_validation_batches": 0,
            "is_ipv6_enabled": true,
            "last_modified_time": "2020-11-01 13:12:21.062 +0000 UTC",
            "logging_config": [],
            "ordered_cache_behavior": [],
            "origin": [
              {
                "custom_header": [],
                "custom_origin_config": [
                  {
                    "http_port": 80,
                    "https_port": 443,
                    "origin_keepalive_timeout": 5,
                    "origin_protocol_policy": "http-only",
                    "origin_read_timeout": 30,
                    "origin_ssl_protocols": [
                      "TLSv1",
                      "TLSv1.1",
                      "TLSv1.2"
                    ]
                  }
                ],
                "domain_name": "oseven-website-hosting-bucket-homepage-dpengshkxuyercfx.s3-website.eu-central-1.amazonaws.com",
                "origin_id": "oseven-website-hosting-bucket-homepage-dpengshkxuyercfx",
                "origin_path": "",
                "s3_origin_config": []
              }
            ],
            "origin_group": [],
            "price_class": "PriceClass_All",
            "restrictions": [
              {
                "geo_restriction": [
                  {
                    "locations": [],
                    "restriction_type": "none"
                  }
                ]
              }
            ],
            "retain_on_delete": false,
            "status": "Deployed",
            "tags": {},
            "viewer_certificate": [
              {
                "acm_certificate_arn": "arn:aws:acm:us-east-1:403039540759:certificate/610a141b-a455-4681-99dc-2f48e183026c",
                "cloudfront_default_certificate": false,
                "iam_certificate_id": "",
                "minimum_protocol_version": "TLSv1.1_2016",
                "ssl_support_method": "sni-only"
              }
            ],
            "wait_for_deployment": true,
            "web_acl_id": ""
          },
          "private": "eyJzY2hlbWFfdmVyc2lvbiI6IjEifQ==",
          "dependencies": [
            "aws_acm_certificate.client_cert",
            "aws_acm_certificate_validation.client_cert",
            "aws_s3_bucket.hosting_bucket"
          ]
        }
      ]
    },
    {
      "mode": "managed",
      "type": "aws_cloudfront_distribution",
      "name": "redirection_to_landingpage",
      "provider": "provider[\"registry.terraform.io/hashicorp/aws\"]",
      "instances": [
        {
          "schema_version": 1,
          "attributes": {
            "active_trusted_signers": {
              "enabled": "false",
              "items.#": "0"
            },
            "aliases": [
              "www.oseven.de"
            ],
            "arn": "arn:aws:cloudfront::403039540759:distribution/E1XR9503Q6LDY9",
            "cache_behavior": [],
            "caller_reference": "terraform-20201101131220309100000001",
            "comment": "Terraform configured",
            "custom_error_response": [],
            "default_cache_behavior": [
              {
                "allowed_methods": [
                  "DELETE",
                  "GET",
                  "HEAD",
                  "OPTIONS",
                  "PATCH",
                  "POST",
                  "PUT"
                ],
                "cached_methods": [
                  "GET",
                  "HEAD"
                ],
                "compress": false,
                "default_ttl": 86400,
                "field_level_encryption_id": "",
                "forwarded_values": [
                  {
                    "cookies": [
                      {
                        "forward": "none",
                        "whitelisted_names": []
                      }
                    ],
                    "headers": [],
                    "query_string": false,
                    "query_string_cache_keys": []
                  }
                ],
                "lambda_function_association": [],
                "max_ttl": 31536000,
                "min_ttl": 0,
                "smooth_streaming": false,
                "target_origin_id": "oseven-website-hosting-bucket-redirect-dpengshkxuyercfx",
                "trusted_signers": [],
                "viewer_protocol_policy": "allow-all"
              }
            ],
            "default_root_object": "",
            "domain_name": "d3mhcq9pgr5gjw.cloudfront.net",
            "enabled": true,
            "etag": "EUH8118X48FD1",
            "hosted_zone_id": "Z2FDTNDATAQYW2",
            "http_version": "http2",
            "id": "E1XR9503Q6LDY9",
            "in_progress_validation_batches": 0,
            "is_ipv6_enabled": true,
            "last_modified_time": "2020-11-01 13:12:21.995 +0000 UTC",
            "logging_config": [],
            "ordered_cache_behavior": [],
            "origin": [
              {
                "custom_header": [],
                "custom_origin_config": [
                  {
                    "http_port": 80,
                    "https_port": 443,
                    "origin_keepalive_timeout": 5,
                    "origin_protocol_policy": "http-only",
                    "origin_read_timeout": 30,
                    "origin_ssl_protocols": [
                      "TLSv1",
                      "TLSv1.1",
                      "TLSv1.2"
                    ]
                  }
                ],
                "domain_name": "oseven-website-hosting-bucket-redirect-dpengshkxuyercfx.s3-website.eu-central-1.amazonaws.com",
                "origin_id": "oseven-website-hosting-bucket-redirect-dpengshkxuyercfx",
                "origin_path": "",
                "s3_origin_config": []
              }
            ],
            "origin_group": [],
            "price_class": "PriceClass_All",
            "restrictions": [
              {
                "geo_restriction": [
                  {
                    "locations": [],
                    "restriction_type": "none"
                  }
                ]
              }
            ],
            "retain_on_delete": false,
            "status": "Deployed",
            "tags": {},
            "viewer_certificate": [
              {
                "acm_certificate_arn": "arn:aws:acm:us-east-1:403039540759:certificate/610a141b-a455-4681-99dc-2f48e183026c",
                "cloudfront_default_certificate": false,
                "iam_certificate_id": "",
                "minimum_protocol_version": "TLSv1.1_2016",
                "ssl_support_method": "sni-only"
              }
            ],
            "wait_for_deployment": true,
            "web_acl_id": ""
          },
          "private": "eyJzY2hlbWFfdmVyc2lvbiI6IjEifQ==",
          "dependencies": [
            "aws_acm_certificate.client_cert",
            "aws_acm_certificate_validation.client_cert",
            "aws_s3_bucket.hosting_bucket_redirect"
          ]
        }
      ]
    },
    {
      "mode": "managed",
      "type": "aws_route53_record",
      "name": "a-record",
      "provider": "provider[\"registry.terraform.io/hashicorp/aws\"]",
      "instances": [
        {
          "schema_version": 2,
          "attributes": {
            "alias": [
              {
                "evaluate_target_health": false,
                "name": "d1sfvd98utx6au.cloudfront.net",
                "zone_id": "Z2FDTNDATAQYW2"
              }
            ],
            "allow_overwrite": null,
            "failover_routing_policy": [],
            "fqdn": "oseven.de",
            "geolocation_routing_policy": [],
            "health_check_id": "",
            "id": "Z3340Y06FZ5TQI_oseven.de_A",
            "latency_routing_policy": [],
            "multivalue_answer_routing_policy": null,
            "name": "oseven.de",
            "records": [],
            "set_identifier": "",
            "ttl": 0,
            "type": "A",
            "weighted_routing_policy": [],
            "zone_id": "Z3340Y06FZ5TQI"
          },
          "private": "eyJzY2hlbWFfdmVyc2lvbiI6IjIifQ==",
          "dependencies": [
            "aws_acm_certificate.client_cert",
            "aws_acm_certificate_validation.client_cert",
            "aws_cloudfront_distribution.landingpage",
            "aws_s3_bucket.hosting_bucket"
          ]
        }
      ]
    },
    {
      "mode": "managed",
      "type": "aws_route53_record",
      "name": "a-record-www-redirect",
      "provider": "provider[\"registry.terraform.io/hashicorp/aws\"]",
      "instances": [
        {
          "schema_version": 2,
          "attributes": {
            "alias": [
              {
                "evaluate_target_health": false,
                "name": "d3mhcq9pgr5gjw.cloudfront.net",
                "zone_id": "Z2FDTNDATAQYW2"
              }
            ],
            "allow_overwrite": null,
            "failover_routing_policy": [],
            "fqdn": "www.oseven.de",
            "geolocation_routing_policy": [],
            "health_check_id": null,
            "id": "Z3340Y06FZ5TQI_www.oseven.de_A",
            "latency_routing_policy": [],
            "multivalue_answer_routing_policy": null,
            "name": "www.oseven.de",
            "records": null,
            "set_identifier": null,
            "ttl": null,
            "type": "A",
            "weighted_routing_policy": [],
            "zone_id": "Z3340Y06FZ5TQI"
          },
          "private": "eyJzY2hlbWFfdmVyc2lvbiI6IjIifQ==",
          "dependencies": [
            "aws_cloudfront_distribution.redirection_to_landingpage"
          ]
        }
      ]
    },
    {
      "mode": "managed",
      "type": "aws_route53_record",
      "name": "aaaa-record",
      "provider": "provider[\"registry.terraform.io/hashicorp/aws\"]",
      "instances": [
        {
          "schema_version": 2,
          "attributes": {
            "alias": [
              {
                "evaluate_target_health": false,
                "name": "d1sfvd98utx6au.cloudfront.net",
                "zone_id": "Z2FDTNDATAQYW2"
              }
            ],
            "allow_overwrite": null,
            "failover_routing_policy": [],
            "fqdn": "oseven.de",
            "geolocation_routing_policy": [],
            "health_check_id": "",
            "id": "Z3340Y06FZ5TQI_oseven.de_AAAA",
            "latency_routing_policy": [],
            "multivalue_answer_routing_policy": null,
            "name": "oseven.de",
            "records": [],
            "set_identifier": "",
            "ttl": 0,
            "type": "AAAA",
            "weighted_routing_policy": [],
            "zone_id": "Z3340Y06FZ5TQI"
          },
          "private": "eyJzY2hlbWFfdmVyc2lvbiI6IjIifQ==",
          "dependencies": [
            "aws_acm_certificate.client_cert",
            "aws_acm_certificate_validation.client_cert",
            "aws_cloudfront_distribution.landingpage",
            "aws_s3_bucket.hosting_bucket"
          ]
        }
      ]
    },
    {
      "mode": "managed",
      "type": "aws_route53_record",
      "name": "aaaa-record-www-redirect",
      "provider": "provider[\"registry.terraform.io/hashicorp/aws\"]",
      "instances": [
        {
          "schema_version": 2,
          "attributes": {
            "alias": [
              {
                "evaluate_target_health": false,
                "name": "d3mhcq9pgr5gjw.cloudfront.net",
                "zone_id": "Z2FDTNDATAQYW2"
              }
            ],
            "allow_overwrite": null,
            "failover_routing_policy": [],
            "fqdn": "www.oseven.de",
            "geolocation_routing_policy": [],
            "health_check_id": "",
            "id": "Z3340Y06FZ5TQI_www.oseven.de_AAAA",
            "latency_routing_policy": [],
            "multivalue_answer_routing_policy": null,
            "name": "www.oseven.de",
            "records": [],
            "set_identifier": "",
            "ttl": 0,
            "type": "AAAA",
            "weighted_routing_policy": [],
            "zone_id": "Z3340Y06FZ5TQI"
          },
          "private": "eyJzY2hlbWFfdmVyc2lvbiI6IjIifQ==",
          "dependencies": [
            "aws_acm_certificate.client_cert",
            "aws_acm_certificate_validation.client_cert",
            "aws_cloudfront_distribution.redirection_to_landingpage",
            "aws_s3_bucket.hosting_bucket_redirect"
          ]
        }
      ]
    },
    {
      "mode": "managed",
      "type": "aws_route53_record",
      "name": "client_cert_validation",
      "provider": "provider[\"registry.terraform.io/hashicorp/aws\"].acm",
      "instances": [
        {
          "index_key": 0,
          "schema_version": 2,
          "attributes": {
            "alias": [],
            "allow_overwrite": null,
            "failover_routing_policy": [],
            "fqdn": "_9bdcf48d89df33d1382f517654ee6ed9.oseven.de",
            "geolocation_routing_policy": [],
            "health_check_id": "",
            "id": "Z3340Y06FZ5TQI__9bdcf48d89df33d1382f517654ee6ed9.oseven.de._CNAME",
            "latency_routing_policy": [],
            "multivalue_answer_routing_policy": null,
            "name": "_9bdcf48d89df33d1382f517654ee6ed9.oseven.de",
            "records": [
              "_c8483ce5adfb35988da13abdc38b9084.duyqrilejt.acm-validations.aws."
            ],
            "set_identifier": "",
            "ttl": 300,
            "type": "CNAME",
            "weighted_routing_policy": [],
            "zone_id": "Z3340Y06FZ5TQI"
          },
          "private": "eyJzY2hlbWFfdmVyc2lvbiI6IjIifQ==",
          "dependencies": [
            "aws_acm_certificate.client_cert"
          ]
        },
        {
          "index_key": 1,
          "schema_version": 2,
          "attributes": {
            "alias": [],
            "allow_overwrite": null,
            "failover_routing_policy": [],
            "fqdn": "_6658ff7fbfcef33dec5062b66b803b52.www.oseven.de",
            "geolocation_routing_policy": [],
            "health_check_id": "",
            "id": "Z3340Y06FZ5TQI__6658ff7fbfcef33dec5062b66b803b52.www.oseven.de._CNAME",
            "latency_routing_policy": [],
            "multivalue_answer_routing_policy": null,
            "name": "_6658ff7fbfcef33dec5062b66b803b52.www.oseven.de",
            "records": [
              "_05491917dd2095b59893d402ccbdb47a.zbkrxsrfvj.acm-validations.aws."
            ],
            "set_identifier": "",
            "ttl": 300,
            "type": "CNAME",
            "weighted_routing_policy": [],
            "zone_id": "Z3340Y06FZ5TQI"
          },
          "private": "eyJzY2hlbWFfdmVyc2lvbiI6IjIifQ==",
          "dependencies": [
            "aws_acm_certificate.client_cert"
          ]
        }
      ]
    },
    {
      "mode": "managed",
      "type": "aws_s3_bucket",
      "name": "hosting_bucket",
      "provider": "provider[\"registry.terraform.io/hashicorp/aws\"]",
      "instances": [
        {
          "schema_version": 0,
          "attributes": {
            "acceleration_status": "",
            "acl": "private",
            "arn": "arn:aws:s3:::oseven-website-hosting-bucket-homepage-dpengshkxuyercfx",
            "bucket": "oseven-website-hosting-bucket-homepage-dpengshkxuyercfx",
            "bucket_domain_name": "oseven-website-hosting-bucket-homepage-dpengshkxuyercfx.s3.amazonaws.com",
            "bucket_prefix": null,
            "bucket_regional_domain_name": "oseven-website-hosting-bucket-homepage-dpengshkxuyercfx.s3.eu-central-1.amazonaws.com",
            "cors_rule": [],
            "force_destroy": false,
            "hosted_zone_id": "Z21DNDUVLTQW6Q",
            "id": "oseven-website-hosting-bucket-homepage-dpengshkxuyercfx",
            "lifecycle_rule": [],
            "logging": [],
            "object_lock_configuration": [],
            "policy": null,
            "region": "eu-central-1",
            "replication_configuration": [],
            "request_payer": "BucketOwner",
            "server_side_encryption_configuration": [],
            "tags": {},
            "versioning": [
              {
                "enabled": false,
                "mfa_delete": false
              }
            ],
            "website": [
              {
                "error_document": "404.html",
                "index_document": "index.html",
                "redirect_all_requests_to": "",
                "routing_rules": ""
              }
            ],
            "website_domain": "s3-website.eu-central-1.amazonaws.com",
            "website_endpoint": "oseven-website-hosting-bucket-homepage-dpengshkxuyercfx.s3-website.eu-central-1.amazonaws.com"
          },
          "private": "bnVsbA=="
        }
      ]
    },
    {
      "mode": "managed",
      "type": "aws_s3_bucket",
      "name": "hosting_bucket_redirect",
      "provider": "provider[\"registry.terraform.io/hashicorp/aws\"]",
      "instances": [
        {
          "schema_version": 0,
          "attributes": {
            "acceleration_status": "",
            "acl": "private",
            "arn": "arn:aws:s3:::oseven-website-hosting-bucket-redirect-dpengshkxuyercfx",
            "bucket": "oseven-website-hosting-bucket-redirect-dpengshkxuyercfx",
            "bucket_domain_name": "oseven-website-hosting-bucket-redirect-dpengshkxuyercfx.s3.amazonaws.com",
            "bucket_prefix": null,
            "bucket_regional_domain_name": "oseven-website-hosting-bucket-redirect-dpengshkxuyercfx.s3.eu-central-1.amazonaws.com",
            "cors_rule": [],
            "force_destroy": false,
            "hosted_zone_id": "Z21DNDUVLTQW6Q",
            "id": "oseven-website-hosting-bucket-redirect-dpengshkxuyercfx",
            "lifecycle_rule": [],
            "logging": [],
            "object_lock_configuration": [],
            "policy": null,
            "region": "eu-central-1",
            "replication_configuration": [],
            "request_payer": "BucketOwner",
            "server_side_encryption_configuration": [],
            "tags": {},
            "versioning": [
              {
                "enabled": false,
                "mfa_delete": false
              }
            ],
            "website": [
              {
                "error_document": "",
                "index_document": "",
                "redirect_all_requests_to": "https://oseven.de",
                "routing_rules": ""
              }
            ],
            "website_domain": "s3-website.eu-central-1.amazonaws.com",
            "website_endpoint": "oseven-website-hosting-bucket-redirect-dpengshkxuyercfx.s3-website.eu-central-1.amazonaws.com"
          },
          "private": "bnVsbA=="
        }
      ]
    }
  ]
}
